
Microsoft Visual Studio Solution File, Format Version 12.00
# Visual Studio Version 16
VisualStudioVersion = 16.0.31624.102
MinimumVisualStudioVersion = 10.0.40219.1
Project("{9A19103F-16F7-4668-BE54-9A1E7A4F7556}") = "Library", "Library\Library.csproj", "{7082E1D2-D4A6-4844-9981-6FCB18D024C1}"
EndProject
Project("{9A19103F-16F7-4668-BE54-9A1E7A4F7556}") = "TestLibrary", "TestLibrary\TestLibrary.csproj", "{6B40418C-5561-4ADC-9DE8-D0CB81A11502}"
EndProject
Project("{9A19103F-16F7-4668-BE54-9A1E7A4F7556}") = "ConsoleApp", "ConsoleApp\ConsoleApp.csproj", "{098DA42F-6F5D-4AD3-9C4D-CBE9E3767F30}"
EndProject
Global
	GlobalSection(SolutionConfigurationPlatforms) = preSolution
		Debug|Any CPU = Debug|Any CPU
		Debug|x64 = Debug|x64
		Debug|x86 = Debug|x86
		Release|Any CPU = Release|Any CPU
		Release|x64 = Release|x64
		Release|x86 = Release|x86
	EndGlobalSection
	GlobalSection(ProjectConfigurationPlatforms) = postSolution
		{7082E1D2-D4A6-4844-9981-6FCB18D024C1}.Debug|Any CPU.ActiveCfg = Debug|Any CPU
		{7082E1D2-D4A6-4844-9981-6FCB18D024C1}.Debug|Any CPU.Build.0 = Debug|Any CPU
		{7082E1D2-D4A6-4844-9981-6FCB18D024C1}.Debug|x64.ActiveCfg = Debug|Any CPU
		{7082E1D2-D4A6-4844-9981-6FCB18D024C1}.Debug|x64.Build.0 = Debug|Any CPU
		{7082E1D2-D4A6-4844-9981-6FCB18D024C1}.Debug|x86.ActiveCfg = Debug|Any CPU
		{7082E1D2-D4A6-4844-9981-6FCB18D024C1}.Debug|x86.Build.0 = Debug|Any CPU
		{7082E1D2-D4A6-4844-9981-6FCB18D024C1}.Release|Any CPU.ActiveCfg = Release|Any CPU
		{7082E1D2-D4A6-4844-9981-6FCB18D024C1}.Release|Any CPU.Build.0 = Release|Any CPU
		{7082E1D2-D4A6-4844-9981-6FCB18D024C1}.Release|x64.ActiveCfg = Release|Any CPU
		{7082E1D2-D4A6-4844-9981-6FCB18D024C1}.Release|x64.Build.0 = Release|Any CPU
		{7082E1D2-D4A6-4844-9981-6FCB18D024C1}.Release|x86.ActiveCfg = Release|Any CPU
		{7082E1D2-D4A6-4844-9981-6FCB18D024C1}.Release|x86.Build.0 = Release|Any CPU
		{6B40418C-5561-4ADC-9DE8-D0CB81A11502}.Debug|Any CPU.ActiveCfg = Debug|Any CPU
		{6B40418C-5561-4ADC-9DE8-D0CB81A11502}.Debug|Any CPU.Build.0 = Debug|Any CPU
		{6B40418C-5561-4ADC-9DE8-D0CB81A11502}.Debug|x64.ActiveCfg = Debug|Any CPU
		{6B40418C-5561-4ADC-9DE8-D0CB81A11502}.Debug|x64.Build.0 = Debug|Any CPU
		{6B40418C-5561-4ADC-9DE8-D0CB81A11502}.Debug|x86.ActiveCfg = Debug|Any CPU
		{6B40418C-5561-4ADC-9DE8-D0CB81A11502}.Debug|x86.Build.0 = Debug|Any CPU
		{6B40418C-5561-4ADC-9DE8-D0CB81A11502}.Release|Any CPU.ActiveCfg = Release|Any CPU
		{6B40418C-5561-4ADC-9DE8-D0CB81A11502}.Release|Any CPU.Build.0 = Release|Any CPU
		{6B40418C-5561-4ADC-9DE8-D0CB81A11502}.Release|x64.ActiveCfg = Release|Any CPU
		{6B40418C-5561-4ADC-9DE8-D0CB81A11502}.Release|x64.Build.0 = Release|Any CPU
		{6B40418C-5561-4ADC-9DE8-D0CB81A11502}.Release|x86.ActiveCfg = Release|Any CPU
		{6B40418C-5561-4ADC-9DE8-D0CB81A11502}.Release|x86.Build.0 = Release|Any CPU
		{098DA42F-6F5D-4AD3-9C4D-CBE9E3767F30}.Debug|Any CPU.ActiveCfg = Debug|Any CPU
		{098DA42F-6F5D-4AD3-9C4D-CBE9E3767F30}.Debug|Any CPU.Build.0 = Debug|Any CPU
		{098DA42F-6F5D-4AD3-9C4D-CBE9E3767F30}.Debug|x64.ActiveCfg = Debug|Any CPU
		{098DA42F-6F5D-4AD3-9C4D-CBE9E3767F30}.Debug|x64.Build.0 = Debug|Any CPU
		{098DA42F-6F5D-4AD3-9C4D-CBE9E3767F30}.Debug|x86.ActiveCfg = Debug|Any CPU
		{098DA42F-6F5D-4AD3-9C4D-CBE9E3767F30}.Debug|x86.Build.0 = Debug|Any CPU
		{098DA42F-6F5D-4AD3-9C4D-CBE9E3767F30}.Release|Any CPU.ActiveCfg = Release|Any CPU
		{098DA42F-6F5D-4AD3-9C4D-CBE9E3767F30}.Release|Any CPU.Build.0 = Release|Any CPU
		{098DA42F-6F5D-4AD3-9C4D-CBE9E3767F30}.Release|x64.ActiveCfg = Release|Any CPU
		{098DA42F-6F5D-4AD3-9C4D-CBE9E3767F30}.Release|x64.Build.0 = Release|Any CPU
		{098DA42F-6F5D-4AD3-9C4D-CBE9E3767F30}.Release|x86.ActiveCfg = Release|Any CPU
		{098DA42F-6F5D-4AD3-9C4D-CBE9E3767F30}.Release|x86.Build.0 = Release|Any CPU
	EndGlobalSection
	GlobalSection(SolutionProperties) = preSolution
		HideSolutionNode = FALSE
	EndGlobalSection
	GlobalSection(ExtensibilityGlobals) = postSolution
		SolutionGuid = {C65394E7-0A20-4899-A320-CA8790E03DAD}
	EndGlobalSection
EndGlobal
